
Microsoft Visual Studio Solution File, Format Version 12.00
# Visual Studio Version 17
VisualStudioVersion = 17.5.002.0
MinimumVisualStudioVersion = 10.0.40219.1
Project("{9A19103F-16F7-4668-BE54-9A1E7A4F7556}") = "TopCars", "TopCars.csproj", "{BDF02901-F728-4B63-935F-BAEC95856982}"
EndProject
Global
	GlobalSection(SolutionConfigurationPlatforms) = preSolution
		Debug|Any CPU = Debug|Any CPU
		Release|Any CPU = Release|Any CPU
	EndGlobalSection
	GlobalSection(ProjectConfigurationPlatforms) = postSolution
		{BDF02901-F728-4B63-935F-BAEC95856982}.Debug|Any CPU.ActiveCfg = Debug|Any CPU
		{BDF02901-F728-4B63-935F-BAEC95856982}.Debug|Any CPU.Build.0 = Debug|Any CPU
		{BDF02901-F728-4B63-935F-BAEC95856982}.Release|Any CPU.ActiveCfg = Release|Any CPU
		{BDF02901-F728-4B63-935F-BAEC95856982}.Release|Any CPU.Build.0 = Release|Any CPU
	EndGlobalSection
	GlobalSection(SolutionProperties) = preSolution
		HideSolutionNode = FALSE
	EndGlobalSection
	GlobalSection(ExtensibilityGlobals) = postSolution
		SolutionGuid = {870B80A7-3911-4CE3-932B-35BF9C367E72}
	EndGlobalSection
EndGlobal
